{
  "name": "binance-wails",
  "lockfileVersion": 2,
  "requires": true,
  "packages": {
    "": {
      "dependencies": {
        "klinecharts": "^9.0.0-alpha3"
      }
    },
    "node_modules/klinecharts": {
      "version": "9.0.0-alpha3",
      "resolved": "https://registry.npmjs.org/klinecharts/-/klinecharts-9.0.0-alpha3.tgz",
      "integrity": "sha512-e4Lh3GvU3+ThHMYiTJdXyS5huMGdaao1rRb6heBNfu8X0Dud+JpyL0FO18z+y4fVAIRxOy7C2dt5iLMXT/F2RQ=="
    }
  },
  "dependencies": {
    "klinecharts": {
      "version": "9.0.0-alpha3",
      "resolved": "https://registry.npmjs.org/klinecharts/-/klinecharts-9.0.0-alpha3.tgz",
      "integrity": "sha512-e4Lh3GvU3+ThHMYiTJdXyS5huMGdaao1rRb6heBNfu8X0Dud+JpyL0FO18z+y4fVAIRxOy7C2dt5iLMXT/F2RQ=="
    }
  }
}
